<?xml version="1.0" encoding="utf-8"?>
<Project ToolsVersion="4.0" xmlns="http://schemas.microsoft.com/developer/msbuild/2003">
  <ItemGroup>
    <Filter Include="Source Files">
      <UniqueIdentifier>{4FC737F1-C7A5-4376-A066-2A32D752A2FF}</UniqueIdentifier>
      <Extensions>cpp;c;cc;cxx;def;odl;idl;hpj;bat;asm;asmx</Extensions>
    </Filter>
    <Filter Include="Header Files">
      <UniqueIdentifier>{93995380-89BD-4b04-88EB-625FBE52EBFB}</UniqueIdentifier>
      <Extensions>h;hpp;hxx;hm;inl;inc;xsd</Extensions>
    </Filter>
    <Filter Include="Resource Files">
      <UniqueIdentifier>{67DA6AB6-F800-4c08-8B7A-83BB121AAD01}</UniqueIdentifier>
      <Extensions>rc;ico;cur;bmp;dlg;rc2;rct;bin;rgs;gif;jpg;jpeg;jpe;resx;tiff;tif;png;wav;mfcribbon-ms</Extensions>
    </Filter>
  </ItemGroup>
  <ItemGroup>
    <ClCompile Include="src\Main.cpp">
      <Filter>Source Files</Filter>
    </ClCompile>
    <ClCompile Include="src\core\Win32DirectXApplication.cpp">
      <Filter>Source Files</Filter>
    </ClCompile>
    <ClCompile Include="src\KungFuPOC.cpp">
      <Filter>Source Files</Filter>
    </ClCompile>
    <ClCompile Include="src\utils\PrecisionTimer.cpp">
      <Filter>Source Files</Filter>
    </ClCompile>
    <ClCompile Include="src\render\Mesh.cpp">
      <Filter>Source Files</Filter>
    </ClCompile>
    <ClCompile Include="src\render\Material.cpp">
      <Filter>Source Files</Filter>
    </ClCompile>
    <ClCompile Include="src\render\MeshInstance.cpp">
      <Filter>Source Files</Filter>
    </ClCompile>
    <ClCompile Include="src\render\Texture2D.cpp">
      <Filter>Source Files</Filter>
    </ClCompile>
    <ClCompile Include="dx\WICTextureLoader.cpp">
      <Filter>Source Files</Filter>
    </ClCompile>
    <ClCompile Include="src\poc\TestMaterial.cpp">
      <Filter>Source Files</Filter>
    </ClCompile>
    <ClCompile Include="src\kinect\KinectController.cpp">
      <Filter>Source Files</Filter>
    </ClCompile>
    <ClCompile Include="src\kinect\KinectColorDisplay.cpp">
      <Filter>Source Files</Filter>
    </ClCompile>
    <ClCompile Include="src\render\DrawRectMaterial.cpp">
      <Filter>Source Files</Filter>
    </ClCompile>
    <ClCompile Include="src\kinect\KinectDisplay.cpp">
      <Filter>Source Files</Filter>
    </ClCompile>
    <ClCompile Include="src\kinect\KinectDepthDisplay.cpp">
      <Filter>Source Files</Filter>
    </ClCompile>
    <ClCompile Include="src\render\DrawDepthMaterial.cpp">
      <Filter>Source Files</Filter>
    </ClCompile>
    <ClCompile Include="src\skeleton\Skeleton.cpp">
      <Filter>Source Files</Filter>
    </ClCompile>
    <ClCompile Include="src\io\MD5Parser.cpp">
      <Filter>Source Files</Filter>
    </ClCompile>
    <ClCompile Include="src\poc\MonsterMaterial.cpp">
      <Filter>Source Files</Filter>
    </ClCompile>
    <ClCompile Include="src\skeleton\SkeletonMeshController.cpp">
      <Filter>Source Files</Filter>
    </ClCompile>
    <ClCompile Include="src\kinect\KinectMeshAnimator.cpp">
      <Filter>Source Files</Filter>
    </ClCompile>
    <ClCompile Include="src\poc\JointMesh.cpp">
      <Filter>Source Files</Filter>
    </ClCompile>
    <ClCompile Include="src\poc\Painting.cpp">
      <Filter>Source Files</Filter>
    </ClCompile>
    <ClCompile Include="src\poc\PlaneMesh.cpp">
      <Filter>Source Files</Filter>
    </ClCompile>
    <ClCompile Include="src\poc\SimplePaintLogic.cpp">
      <Filter>Source Files</Filter>
    </ClCompile>
    <ClCompile Include="src\poc\StickFigureMesh.cpp">
      <Filter>Source Files</Filter>
    </ClCompile>
    <ClCompile Include="src\poc\ThrowPaintLogic.cpp">
      <Filter>Source Files</Filter>
    </ClCompile>
    <ClCompile Include="src\poc\PaintParticleMesh.cpp">
      <Filter>Source Files</Filter>
    </ClCompile>
  </ItemGroup>
  <ItemGroup>
    <ClInclude Include="include\core\Win32DirectXApplication.h">
      <Filter>Header Files</Filter>
    </ClInclude>
    <ClInclude Include="include\KungFuPOC.h">
      <Filter>Header Files</Filter>
    </ClInclude>
    <ClInclude Include="include\utils\PrecisionTimer.h">
      <Filter>Header Files</Filter>
    </ClInclude>
    <ClInclude Include="include\render\Mesh.h">
      <Filter>Header Files</Filter>
    </ClInclude>
    <ClInclude Include="include\error\errorcodes.h">
      <Filter>Header Files</Filter>
    </ClInclude>
    <ClInclude Include="include\render\Material.h">
      <Filter>Header Files</Filter>
    </ClInclude>
    <ClInclude Include="include\core\Vertex.h">
      <Filter>Header Files</Filter>
    </ClInclude>
    <ClInclude Include="include\render\MeshInstance.h">
      <Filter>Header Files</Filter>
    </ClInclude>
    <ClInclude Include="include\core\debug.h">
      <Filter>Header Files</Filter>
    </ClInclude>
    <ClInclude Include="include\render\Texture2D.h">
      <Filter>Header Files</Filter>
    </ClInclude>
    <ClInclude Include="dx\WICTextureLoader.h">
      <Filter>Header Files</Filter>
    </ClInclude>
    <ClInclude Include="include\poc\TestMaterial.h">
      <Filter>Header Files</Filter>
    </ClInclude>
    <ClInclude Include="include\kinect\KinectController.h">
      <Filter>Header Files</Filter>
    </ClInclude>
    <ClInclude Include="include\kinect\KinectColorDisplay.h">
      <Filter>Header Files</Filter>
    </ClInclude>
    <ClInclude Include="include\render\DrawRectMaterial.h">
      <Filter>Header Files</Filter>
    </ClInclude>
    <ClInclude Include="include\kinect\KinectDisplay.h">
      <Filter>Header Files</Filter>
    </ClInclude>
    <ClInclude Include="include\kinect\KinectDepthDisplay.h">
      <Filter>Header Files</Filter>
    </ClInclude>
    <ClInclude Include="include\render\DrawDepthMaterial.h">
      <Filter>Header Files</Filter>
    </ClInclude>
    <ClInclude Include="include\skeleton\Skeleton.h">
      <Filter>Header Files</Filter>
    </ClInclude>
    <ClInclude Include="include\core\math.h">
      <Filter>Header Files</Filter>
    </ClInclude>
    <ClInclude Include="include\io\MD5Parser.h">
      <Filter>Header Files</Filter>
    </ClInclude>
    <ClInclude Include="include\poc\MonsterMaterial.h">
      <Filter>Header Files</Filter>
    </ClInclude>
    <ClInclude Include="include\skeleton\SkeletonMeshController.h">
      <Filter>Header Files</Filter>
    </ClInclude>
    <ClInclude Include="include\kinect\KinectMeshAnimator.h">
      <Filter>Header Files</Filter>
    </ClInclude>
    <ClInclude Include="include\poc\JointMesh.h">
      <Filter>Header Files</Filter>
    </ClInclude>
    <ClInclude Include="include\poc\Painting.h">
      <Filter>Header Files</Filter>
    </ClInclude>
    <ClInclude Include="include\poc\PlaneMesh.h">
      <Filter>Header Files</Filter>
    </ClInclude>
    <ClInclude Include="include\poc\JointPaintLogic.h">
      <Filter>Header Files</Filter>
    </ClInclude>
    <ClInclude Include="include\poc\SimplePaintLogic.h">
      <Filter>Header Files</Filter>
    </ClInclude>
    <ClInclude Include="include\poc\StickFigureMesh.h">
      <Filter>Header Files</Filter>
    </ClInclude>
    <ClInclude Include="include\poc\ThrowPaintLogic.h">
      <Filter>Header Files</Filter>
    </ClInclude>
    <ClInclude Include="include\poc\PaintParticleMesh.h">
      <Filter>Header Files</Filter>
    </ClInclude>
  </ItemGroup>
</Project>